
Microsoft Visual Studio Solution File, Format Version 12.00
# Visual Studio Version 17
VisualStudioVersion = 17.4.33103.184
MinimumVisualStudioVersion = 10.0.40219.1
Project("{FAE04EC0-301F-11D3-BF4B-00C04F79EFBC}") = "MoviesTicket", "MoviesTicket\MoviesTicket.csproj", "{1A5C9C3F-DA8E-4C6C-927C-7F6811D8DB23}"
EndProject
Global
	GlobalSection(SolutionConfigurationPlatforms) = preSolution
		Debug|Any CPU = Debug|Any CPU
		Release|Any CPU = Release|Any CPU
	EndGlobalSection
	GlobalSection(ProjectConfigurationPlatforms) = postSolution
		{1A5C9C3F-DA8E-4C6C-927C-7F6811D8DB23}.Debug|Any CPU.ActiveCfg = Debug|Any CPU
		{1A5C9C3F-DA8E-4C6C-927C-7F6811D8DB23}.Debug|Any CPU.Build.0 = Debug|Any CPU
		{1A5C9C3F-DA8E-4C6C-927C-7F6811D8DB23}.Release|Any CPU.ActiveCfg = Release|Any CPU
		{1A5C9C3F-DA8E-4C6C-927C-7F6811D8DB23}.Release|Any CPU.Build.0 = Release|Any CPU
	EndGlobalSection
	GlobalSection(SolutionProperties) = preSolution
		HideSolutionNode = FALSE
	EndGlobalSection
	GlobalSection(ExtensibilityGlobals) = postSolution
		SolutionGuid = {D601F854-37CF-450B-BB3A-A9AE933BEE16}
	EndGlobalSection
EndGlobal
